
Microsoft Visual Studio Solution File, Format Version 12.00
# Visual Studio Version 16
VisualStudioVersion = 16.0.29613.14
MinimumVisualStudioVersion = 10.0.40219.1
Project("{9A19103F-16F7-4668-BE54-9A1E7A4F7556}") = "PokeBrowser", "PokeBrowser\PokeBrowser.csproj", "{2A12EC6D-007C-4649-B4AE-9CD555328480}"
EndProject
Project("{9A19103F-16F7-4668-BE54-9A1E7A4F7556}") = "Scraper", "Scraper\Scraper.csproj", "{C5D92BBE-A1C4-4D12-B333-366CF7326FC0}"
EndProject
Global
	GlobalSection(SolutionConfigurationPlatforms) = preSolution
		Debug|Any CPU = Debug|Any CPU
		Release|Any CPU = Release|Any CPU
	EndGlobalSection
	GlobalSection(ProjectConfigurationPlatforms) = postSolution
		{2A12EC6D-007C-4649-B4AE-9CD555328480}.Debug|Any CPU.ActiveCfg = Debug|Any CPU
		{2A12EC6D-007C-4649-B4AE-9CD555328480}.Debug|Any CPU.Build.0 = Debug|Any CPU
		{2A12EC6D-007C-4649-B4AE-9CD555328480}.Release|Any CPU.ActiveCfg = Release|Any CPU
		{2A12EC6D-007C-4649-B4AE-9CD555328480}.Release|Any CPU.Build.0 = Release|Any CPU
		{C5D92BBE-A1C4-4D12-B333-366CF7326FC0}.Debug|Any CPU.ActiveCfg = Debug|Any CPU
		{C5D92BBE-A1C4-4D12-B333-366CF7326FC0}.Debug|Any CPU.Build.0 = Debug|Any CPU
		{C5D92BBE-A1C4-4D12-B333-366CF7326FC0}.Release|Any CPU.ActiveCfg = Release|Any CPU
		{C5D92BBE-A1C4-4D12-B333-366CF7326FC0}.Release|Any CPU.Build.0 = Release|Any CPU
	EndGlobalSection
	GlobalSection(SolutionProperties) = preSolution
		HideSolutionNode = FALSE
	EndGlobalSection
	GlobalSection(ExtensibilityGlobals) = postSolution
		SolutionGuid = {9640FDF2-883C-4804-AB96-6EC59FF3A563}
	EndGlobalSection
EndGlobal
